
Microsoft Visual Studio Solution File, Format Version 12.00
# Visual Studio Version 17
VisualStudioVersion = 17.0.32014.148
MinimumVisualStudioVersion = 10.0.40219.1
Project("{8BC9CEB8-8B4A-11D0-8D11-00A0C91BC942}") = "Section 1. Lotto", "Section 1. Lotto\Section 1. Lotto.vcxproj", "{FB070BD6-E64D-4342-AA78-8B0FA0204A0F}"
EndProject
Project("{8BC9CEB8-8B4A-11D0-8D11-00A0C91BC942}") = "Section 1. Baseball Game", "Section 1. Baseball Game\Section 1. Baseball Game.vcxproj", "{214B30D8-87CF-47C9-80D2-2B8697CD9ABE}"
EndProject
Project("{8BC9CEB8-8B4A-11D0-8D11-00A0C91BC942}") = "Section 1. Number Puzzle Game", "Section 1. Number Puzzle Game\Section 1. Number Puzzle Game.vcxproj", "{06E6D6E6-72B8-46CD-9E41-3830027A1003}"
EndProject
Project("{8BC9CEB8-8B4A-11D0-8D11-00A0C91BC942}") = "Section 2. Bingo", "Section 2. Bingo\Section 2. Bingo.vcxproj", "{AEB14074-A6D7-4F26-A723-C5303CB6F80E}"
EndProject
Project("{8BC9CEB8-8B4A-11D0-8D11-00A0C91BC942}") = "Section 3. Student Management", "Section 3. Student Management\Section 3. Student Management.vcxproj", "{994C5B67-5E30-44AA-8A9F-E0EE67B9238B}"
EndProject
Project("{8BC9CEB8-8B4A-11D0-8D11-00A0C91BC942}") = "Section 4. Text RPG", "Section 4. Text RPG\Section 4. Text RPG.vcxproj", "{ADA088F9-302E-4BA4-A53B-6F16C25397D8}"
EndProject
Global
	GlobalSection(SolutionConfigurationPlatforms) = preSolution
		Debug|x64 = Debug|x64
		Debug|x86 = Debug|x86
		Release|x64 = Release|x64
		Release|x86 = Release|x86
	EndGlobalSection
	GlobalSection(ProjectConfigurationPlatforms) = postSolution
		{FB070BD6-E64D-4342-AA78-8B0FA0204A0F}.Debug|x64.ActiveCfg = Debug|x64
		{FB070BD6-E64D-4342-AA78-8B0FA0204A0F}.Debug|x64.Build.0 = Debug|x64
		{FB070BD6-E64D-4342-AA78-8B0FA0204A0F}.Debug|x86.ActiveCfg = Debug|Win32
		{FB070BD6-E64D-4342-AA78-8B0FA0204A0F}.Debug|x86.Build.0 = Debug|Win32
		{FB070BD6-E64D-4342-AA78-8B0FA0204A0F}.Release|x64.ActiveCfg = Release|x64
		{FB070BD6-E64D-4342-AA78-8B0FA0204A0F}.Release|x64.Build.0 = Release|x64
		{FB070BD6-E64D-4342-AA78-8B0FA0204A0F}.Release|x86.ActiveCfg = Release|Win32
		{FB070BD6-E64D-4342-AA78-8B0FA0204A0F}.Release|x86.Build.0 = Release|Win32
		{214B30D8-87CF-47C9-80D2-2B8697CD9ABE}.Debug|x64.ActiveCfg = Debug|x64
		{214B30D8-87CF-47C9-80D2-2B8697CD9ABE}.Debug|x64.Build.0 = Debug|x64
		{214B30D8-87CF-47C9-80D2-2B8697CD9ABE}.Debug|x86.ActiveCfg = Debug|Win32
		{214B30D8-87CF-47C9-80D2-2B8697CD9ABE}.Debug|x86.Build.0 = Debug|Win32
		{214B30D8-87CF-47C9-80D2-2B8697CD9ABE}.Release|x64.ActiveCfg = Release|x64
		{214B30D8-87CF-47C9-80D2-2B8697CD9ABE}.Release|x64.Build.0 = Release|x64
		{214B30D8-87CF-47C9-80D2-2B8697CD9ABE}.Release|x86.ActiveCfg = Release|Win32
		{214B30D8-87CF-47C9-80D2-2B8697CD9ABE}.Release|x86.Build.0 = Release|Win32
		{06E6D6E6-72B8-46CD-9E41-3830027A1003}.Debug|x64.ActiveCfg = Debug|x64
		{06E6D6E6-72B8-46CD-9E41-3830027A1003}.Debug|x64.Build.0 = Debug|x64
		{06E6D6E6-72B8-46CD-9E41-3830027A1003}.Debug|x86.ActiveCfg = Debug|Win32
		{06E6D6E6-72B8-46CD-9E41-3830027A1003}.Debug|x86.Build.0 = Debug|Win32
		{06E6D6E6-72B8-46CD-9E41-3830027A1003}.Release|x64.ActiveCfg = Release|x64
		{06E6D6E6-72B8-46CD-9E41-3830027A1003}.Release|x64.Build.0 = Release|x64
		{06E6D6E6-72B8-46CD-9E41-3830027A1003}.Release|x86.ActiveCfg = Release|Win32
		{06E6D6E6-72B8-46CD-9E41-3830027A1003}.Release|x86.Build.0 = Release|Win32
		{AEB14074-A6D7-4F26-A723-C5303CB6F80E}.Debug|x64.ActiveCfg = Debug|x64
		{AEB14074-A6D7-4F26-A723-C5303CB6F80E}.Debug|x64.Build.0 = Debug|x64
		{AEB14074-A6D7-4F26-A723-C5303CB6F80E}.Debug|x86.ActiveCfg = Debug|Win32
		{AEB14074-A6D7-4F26-A723-C5303CB6F80E}.Debug|x86.Build.0 = Debug|Win32
		{AEB14074-A6D7-4F26-A723-C5303CB6F80E}.Release|x64.ActiveCfg = Release|x64
		{AEB14074-A6D7-4F26-A723-C5303CB6F80E}.Release|x64.Build.0 = Release|x64
		{AEB14074-A6D7-4F26-A723-C5303CB6F80E}.Release|x86.ActiveCfg = Release|Win32
		{AEB14074-A6D7-4F26-A723-C5303CB6F80E}.Release|x86.Build.0 = Release|Win32
		{994C5B67-5E30-44AA-8A9F-E0EE67B9238B}.Debug|x64.ActiveCfg = Debug|x64
		{994C5B67-5E30-44AA-8A9F-E0EE67B9238B}.Debug|x64.Build.0 = Debug|x64
		{994C5B67-5E30-44AA-8A9F-E0EE67B9238B}.Debug|x86.ActiveCfg = Debug|Win32
		{994C5B67-5E30-44AA-8A9F-E0EE67B9238B}.Debug|x86.Build.0 = Debug|Win32
		{994C5B67-5E30-44AA-8A9F-E0EE67B9238B}.Release|x64.ActiveCfg = Release|x64
		{994C5B67-5E30-44AA-8A9F-E0EE67B9238B}.Release|x64.Build.0 = Release|x64
		{994C5B67-5E30-44AA-8A9F-E0EE67B9238B}.Release|x86.ActiveCfg = Release|Win32
		{994C5B67-5E30-44AA-8A9F-E0EE67B9238B}.Release|x86.Build.0 = Release|Win32
		{ADA088F9-302E-4BA4-A53B-6F16C25397D8}.Debug|x64.ActiveCfg = Debug|x64
		{ADA088F9-302E-4BA4-A53B-6F16C25397D8}.Debug|x64.Build.0 = Debug|x64
		{ADA088F9-302E-4BA4-A53B-6F16C25397D8}.Debug|x86.ActiveCfg = Debug|Win32
		{ADA088F9-302E-4BA4-A53B-6F16C25397D8}.Debug|x86.Build.0 = Debug|Win32
		{ADA088F9-302E-4BA4-A53B-6F16C25397D8}.Release|x64.ActiveCfg = Release|x64
		{ADA088F9-302E-4BA4-A53B-6F16C25397D8}.Release|x64.Build.0 = Release|x64
		{ADA088F9-302E-4BA4-A53B-6F16C25397D8}.Release|x86.ActiveCfg = Release|Win32
		{ADA088F9-302E-4BA4-A53B-6F16C25397D8}.Release|x86.Build.0 = Release|Win32
	EndGlobalSection
	GlobalSection(SolutionProperties) = preSolution
		HideSolutionNode = FALSE
	EndGlobalSection
	GlobalSection(ExtensibilityGlobals) = postSolution
		SolutionGuid = {512B79CD-A26F-4855-87A5-75D1A1341F6E}
	EndGlobalSection
EndGlobal
